
Microsoft Visual Studio Solution File, Format Version 12.00
# Visual Studio Version 17
VisualStudioVersion = 17.8.34316.72
MinimumVisualStudioVersion = 10.0.40219.1
Project("{FAE04EC0-301F-11D3-BF4B-00C04F79EFBC}") = "ApiVRSolicitacoes", "ApiVRSolicitacoes\ApiVRSolicitacoes.csproj", "{7F6FE097-95FF-43AE-81C3-BBCF9605CE57}"
EndProject
Global
	GlobalSection(SolutionConfigurationPlatforms) = preSolution
		Debug|Any CPU = Debug|Any CPU
		Release|Any CPU = Release|Any CPU
	EndGlobalSection
	GlobalSection(ProjectConfigurationPlatforms) = postSolution
		{7F6FE097-95FF-43AE-81C3-BBCF9605CE57}.Debug|Any CPU.ActiveCfg = Debug|Any CPU
		{7F6FE097-95FF-43AE-81C3-BBCF9605CE57}.Debug|Any CPU.Build.0 = Debug|Any CPU
		{7F6FE097-95FF-43AE-81C3-BBCF9605CE57}.Release|Any CPU.ActiveCfg = Release|Any CPU
		{7F6FE097-95FF-43AE-81C3-BBCF9605CE57}.Release|Any CPU.Build.0 = Release|Any CPU
	EndGlobalSection
	GlobalSection(SolutionProperties) = preSolution
		HideSolutionNode = FALSE
	EndGlobalSection
	GlobalSection(ExtensibilityGlobals) = postSolution
		SolutionGuid = {7923B57B-DBF4-44A1-8123-508F3ECFBDAD}
	EndGlobalSection
EndGlobal
